# This file is automatically @generated by Poetry 1.7.1 and should not be changed by hand.

[[package]]
name = "certifi"
version = "2024.8.30"
description = "Python package for providing Mozilla's CA Bundle."
optional = false
python-versions = ">=3.6"
files = [
    {file = "certifi-2024.8.30-py3-none-any.whl", hash = "sha256:922820b53db7a7257ffbda3f597266d435245903d80737e34f8a45ff3e3230d8"},
    {file = "certifi-2024.8.30.tar.gz", hash = "sha256:bec941d2aa8195e248a60b31ff9f0558284cf01a52591ceda73ea9afffd69fd9"},
]

[[package]]
name = "elastic-transport"
version = "8.15.0"
description = "Transport classes and utilities shared among Python Elastic client libraries"
optional = false
python-versions = ">=3.8"
files = [
    {file = "elastic_transport-8.15.0-py3-none-any.whl", hash = "sha256:d7080d1dada2b4eee69e7574f9c17a76b42f2895eff428e562f94b0360e158c0"},
    {file = "elastic_transport-8.15.0.tar.gz", hash = "sha256:85d62558f9baafb0868c801233a59b235e61d7b4804c28c2fadaa866b6766233"},
]

[package.dependencies]
certifi = "*"
urllib3 = ">=1.26.2,<3"

[package.extras]
develop = ["aiohttp", "furo", "httpx", "opentelemetry-api", "opentelemetry-sdk", "orjson", "pytest", "pytest-asyncio", "pytest-cov", "pytest-httpserver", "pytest-mock", "requests", "respx", "sphinx (>2)", "sphinx-autodoc-typehints", "trustme"]

[[package]]
name = "elasticsearch"
version = "8.15.1"
description = "Python client for Elasticsearch"
optional = false
python-versions = ">=3.8"
files = [
    {file = "elasticsearch-8.15.1-py3-none-any.whl", hash = "sha256:02a0476e98768a30d7926335fc0d305c04fdb928eea1354c6e6040d8c2814569"},
    {file = "elasticsearch-8.15.1.tar.gz", hash = "sha256:40c0d312f8adf8bdc81795bc16a0b546ddf544cb1f90e829a244e4780c4dbfd8"},
]

[package.dependencies]
elastic-transport = ">=8.13,<9"

[package.extras]
async = ["aiohttp (>=3,<4)"]
dev = ["aiohttp", "black", "build", "coverage", "isort", "jinja2", "mapbox-vector-tile", "nox", "numpy", "orjson", "pandas", "pyarrow", "pytest", "pytest-asyncio", "pytest-cov", "python-dateutil", "pyyaml (>=5.4)", "requests (>=2,<3)", "simsimd", "twine", "unasync"]
docs = ["sphinx", "sphinx-autodoc-typehints", "sphinx-rtd-theme (>=2.0)"]
orjson = ["orjson (>=3)"]
pyarrow = ["pyarrow (>=1)"]
requests = ["requests (>=2.4.0,!=2.32.2,<3.0.0)"]
vectorstore-mmr = ["numpy (>=1)", "simsimd (>=3)"]

[[package]]
name = "leaftracker"
version = "0.1.0"
description = "Manage revegetation projects"
optional = false
python-versions = "^3.12"
files = []
develop = false

[package.dependencies]
elasticsearch = "^8.13.0"
pygobject = "^3.48.2"
pygobject-stubs = "^2.11.0"

[package.source]
type = "directory"
url = "../leaftracker"

[[package]]
name = "pycairo"
version = "1.27.0"
description = "Python interface for cairo"
optional = false
python-versions = ">=3.9"
files = [
    {file = "pycairo-1.27.0-cp310-cp310-win32.whl", hash = "sha256:e20f431244634cf244ab6b4c3a2e540e65746eed1324573cf291981c3e65fc05"},
    {file = "pycairo-1.27.0-cp310-cp310-win_amd64.whl", hash = "sha256:03bf570e3919901572987bc69237b648fe0de242439980be3e606b396e3318c9"},
    {file = "pycairo-1.27.0-cp311-cp311-win32.whl", hash = "sha256:9a9b79f92a434dae65c34c830bb9abdbd92654195e73d52663cbe45af1ad14b2"},
    {file = "pycairo-1.27.0-cp311-cp311-win_amd64.whl", hash = "sha256:d40a6d80b15dacb3672dc454df4bc4ab3988c6b3f36353b24a255dc59a1c8aea"},
    {file = "pycairo-1.27.0-cp312-cp312-win32.whl", hash = "sha256:e2239b9bb6c05edae5f3be97128e85147a155465e644f4d98ea0ceac7afc04ee"},
    {file = "pycairo-1.27.0-cp312-cp312-win_amd64.whl", hash = "sha256:27cb4d3a80e3b9990af552818515a8e466e0317063a6e61585533f1a86f1b7d5"},
    {file = "pycairo-1.27.0-cp313-cp313-win32.whl", hash = "sha256:01505c138a313df2469f812405963532fc2511fb9bca9bdc8e0ab94c55d1ced8"},
    {file = "pycairo-1.27.0-cp313-cp313-win_amd64.whl", hash = "sha256:b0349d744c068b6644ae23da6ada111c8a8a7e323b56cbce3707cba5bdb474cc"},
    {file = "pycairo-1.27.0-cp39-cp39-win32.whl", hash = "sha256:f9ca8430751f1fdcd3f072377560c9e15608b9a42d61375469db853566993c9b"},
    {file = "pycairo-1.27.0-cp39-cp39-win_amd64.whl", hash = "sha256:1b1321652a6e27c4de3069709b1cae22aed2707fd8c5e889c04a95669228af2a"},
    {file = "pycairo-1.27.0.tar.gz", hash = "sha256:5cb21e7a00a2afcafea7f14390235be33497a2cce53a98a19389492a60628430"},
]

[[package]]
name = "pygobject"
version = "3.50.0"
description = "Python bindings for GObject Introspection"
optional = false
python-versions = "<4.0,>=3.9"
files = [
    {file = "pygobject-3.50.0.tar.gz", hash = "sha256:4500ad3dbf331773d8dedf7212544c999a76fc96b63a91b3dcac1e5925a1d103"},
]

[package.dependencies]
pycairo = ">=1.16"

[[package]]
name = "pygobject-stubs"
version = "2.11.0"
description = "Typing stubs for PyGObject"
optional = false
python-versions = ">=3.7"
files = [
    {file = "PyGObject-stubs-2.11.0.tar.gz", hash = "sha256:e1c7e32658213ae711d8afc5ea083a434231b8b588d1de23f50d5705a9c8eefe"},
]

[package.extras]
dev = ["PyGObject", "black (>=24.1.1)", "codespell", "isort (>=5.13.2)", "pre-commit", "ruff"]

[[package]]
name = "urllib3"
version = "2.2.3"
description = "HTTP library with thread-safe connection pooling, file post, and more."
optional = false
python-versions = ">=3.8"
files = [
    {file = "urllib3-2.2.3-py3-none-any.whl", hash = "sha256:ca899ca043dcb1bafa3e262d73aa25c465bfb49e0bd9dd5d59f1d0acba2f8fac"},
    {file = "urllib3-2.2.3.tar.gz", hash = "sha256:e7d814a81dad81e6caf2ec9fdedb284ecc9c73076b62654547cc64ccdcae26e9"},
]

[package.extras]
brotli = ["brotli (>=1.0.9)", "brotlicffi (>=0.8.0)"]
h2 = ["h2 (>=4,<5)"]
socks = ["pysocks (>=1.5.6,!=1.5.7,<2.0)"]
zstd = ["zstandard (>=0.18.0)"]

[metadata]
lock-version = "2.0"
python-versions = "^3.12"
content-hash = "7caa4c365411ea22db8baeb76a00aa037ecc70b70b930fe8099c15da3af8e8f7"
